
Microsoft Visual Studio Solution File, Format Version 12.00
# Visual Studio Version 17
VisualStudioVersion = 17.0.31717.71
MinimumVisualStudioVersion = 15.0.26124.0
Project("{2150E333-8FDC-42A3-9474-1A3956D46DE8}") = "Solution Items", "Solution Items", "{29C81B48-7ADA-4C89-B454-45B623039C09}"
	ProjectSection(SolutionItems) = preProject
		..\.editorconfig = ..\.editorconfig
	EndProjectSection
EndProject
Project("{F2A71F9B-5D33-465A-A702-920D77279786}") = "poc", "poc\poc.fsproj", "{198879E5-A0E4-4B96-B988-65E6E27FB5BB}"
EndProject
Project("{F2A71F9B-5D33-465A-A702-920D77279786}") = "poc.Tests", "poc.Tests\poc.Tests.fsproj", "{BFE15E99-4A32-4AC1-AF01-BA7A02880D45}"
EndProject
Global
	GlobalSection(SolutionConfigurationPlatforms) = preSolution
		Debug|Any CPU = Debug|Any CPU
		Release|Any CPU = Release|Any CPU
	EndGlobalSection
	GlobalSection(ProjectConfigurationPlatforms) = postSolution
		{198879E5-A0E4-4B96-B988-65E6E27FB5BB}.Debug|Any CPU.ActiveCfg = Debug|Any CPU
		{198879E5-A0E4-4B96-B988-65E6E27FB5BB}.Debug|Any CPU.Build.0 = Debug|Any CPU
		{198879E5-A0E4-4B96-B988-65E6E27FB5BB}.Release|Any CPU.ActiveCfg = Release|Any CPU
		{198879E5-A0E4-4B96-B988-65E6E27FB5BB}.Release|Any CPU.Build.0 = Release|Any CPU
		{BFE15E99-4A32-4AC1-AF01-BA7A02880D45}.Debug|Any CPU.ActiveCfg = Debug|Any CPU
		{BFE15E99-4A32-4AC1-AF01-BA7A02880D45}.Debug|Any CPU.Build.0 = Debug|Any CPU
		{BFE15E99-4A32-4AC1-AF01-BA7A02880D45}.Release|Any CPU.ActiveCfg = Release|Any CPU
		{BFE15E99-4A32-4AC1-AF01-BA7A02880D45}.Release|Any CPU.Build.0 = Release|Any CPU
	EndGlobalSection
	GlobalSection(SolutionProperties) = preSolution
		HideSolutionNode = FALSE
	EndGlobalSection
	GlobalSection(ExtensibilityGlobals) = postSolution
		SolutionGuid = {EBF86A4A-E639-4F62-AAEE-EAD045707B45}
	EndGlobalSection
EndGlobal
